
Microsoft Visual Studio Solution File, Format Version 12.00
Project("{2150E333-8FDC-42A3-9474-1A3956D46DE8}") = "plugins", "plugins", "{4BDF31BC-BAA3-42E2-8EF5-7ACE76E6007B}"
EndProject
Project("{FAE04EC0-301F-11D3-BF4B-00C04F79EFBC}") = "SunFlower.Le", "plugins\SunFlower.Le\SunFlower.Le.csproj", "{4508EA2B-B3DA-4349-AE9E-ABA4F4FFA52F}"
EndProject
Project("{FAE04EC0-301F-11D3-BF4B-00C04F79EFBC}") = "Sunflower.Links", "plugins\Sunflower.Links\Sunflower.Links.csproj", "{6A9A6FBF-8381-446B-B3A4-8872E4DD7ED5}"
EndProject
Project("{FAE04EC0-301F-11D3-BF4B-00C04F79EFBC}") = "Sunflower.Mz", "plugins\Sunflower.Mz\Sunflower.Mz.csproj", "{44124E50-CB6E-429F-8E28-C458FF129F4A}"
EndProject
Project("{FAE04EC0-301F-11D3-BF4B-00C04F79EFBC}") = "SunFlower.Ne", "plugins\SunFlower.Ne\SunFlower.Ne.csproj", "{18697C31-D67D-4EA8-8AE5-A9D13860DDB4}"
EndProject
Project("{FAE04EC0-301F-11D3-BF4B-00C04F79EFBC}") = "SunFlower.Pe", "plugins\SunFlower.Pe\SunFlower.Pe.csproj", "{731EAC7B-7D01-4E9A-8901-652F2B40D401}"
EndProject
Global
	GlobalSection(SolutionConfigurationPlatforms) = preSolution
		Debug|Any CPU = Debug|Any CPU
		Release|Any CPU = Release|Any CPU
	EndGlobalSection
	GlobalSection(NestedProjects) = preSolution
		{4508EA2B-B3DA-4349-AE9E-ABA4F4FFA52F} = {4BDF31BC-BAA3-42E2-8EF5-7ACE76E6007B}
		{6A9A6FBF-8381-446B-B3A4-8872E4DD7ED5} = {4BDF31BC-BAA3-42E2-8EF5-7ACE76E6007B}
		{44124E50-CB6E-429F-8E28-C458FF129F4A} = {4BDF31BC-BAA3-42E2-8EF5-7ACE76E6007B}
		{18697C31-D67D-4EA8-8AE5-A9D13860DDB4} = {4BDF31BC-BAA3-42E2-8EF5-7ACE76E6007B}
		{731EAC7B-7D01-4E9A-8901-652F2B40D401} = {4BDF31BC-BAA3-42E2-8EF5-7ACE76E6007B}
	EndGlobalSection
	GlobalSection(ProjectConfigurationPlatforms) = postSolution
		{4508EA2B-B3DA-4349-AE9E-ABA4F4FFA52F}.Debug|Any CPU.ActiveCfg = Debug|Any CPU
		{4508EA2B-B3DA-4349-AE9E-ABA4F4FFA52F}.Debug|Any CPU.Build.0 = Debug|Any CPU
		{4508EA2B-B3DA-4349-AE9E-ABA4F4FFA52F}.Release|Any CPU.ActiveCfg = Release|Any CPU
		{4508EA2B-B3DA-4349-AE9E-ABA4F4FFA52F}.Release|Any CPU.Build.0 = Release|Any CPU
		{6A9A6FBF-8381-446B-B3A4-8872E4DD7ED5}.Debug|Any CPU.ActiveCfg = Debug|Any CPU
		{6A9A6FBF-8381-446B-B3A4-8872E4DD7ED5}.Debug|Any CPU.Build.0 = Debug|Any CPU
		{6A9A6FBF-8381-446B-B3A4-8872E4DD7ED5}.Release|Any CPU.ActiveCfg = Release|Any CPU
		{6A9A6FBF-8381-446B-B3A4-8872E4DD7ED5}.Release|Any CPU.Build.0 = Release|Any CPU
		{44124E50-CB6E-429F-8E28-C458FF129F4A}.Debug|Any CPU.ActiveCfg = Debug|Any CPU
		{44124E50-CB6E-429F-8E28-C458FF129F4A}.Debug|Any CPU.Build.0 = Debug|Any CPU
		{44124E50-CB6E-429F-8E28-C458FF129F4A}.Release|Any CPU.ActiveCfg = Release|Any CPU
		{44124E50-CB6E-429F-8E28-C458FF129F4A}.Release|Any CPU.Build.0 = Release|Any CPU
		{18697C31-D67D-4EA8-8AE5-A9D13860DDB4}.Debug|Any CPU.ActiveCfg = Debug|Any CPU
		{18697C31-D67D-4EA8-8AE5-A9D13860DDB4}.Debug|Any CPU.Build.0 = Debug|Any CPU
		{18697C31-D67D-4EA8-8AE5-A9D13860DDB4}.Release|Any CPU.ActiveCfg = Release|Any CPU
		{18697C31-D67D-4EA8-8AE5-A9D13860DDB4}.Release|Any CPU.Build.0 = Release|Any CPU
		{731EAC7B-7D01-4E9A-8901-652F2B40D401}.Debug|Any CPU.ActiveCfg = Debug|Any CPU
		{731EAC7B-7D01-4E9A-8901-652F2B40D401}.Debug|Any CPU.Build.0 = Debug|Any CPU
		{731EAC7B-7D01-4E9A-8901-652F2B40D401}.Release|Any CPU.ActiveCfg = Release|Any CPU
		{731EAC7B-7D01-4E9A-8901-652F2B40D401}.Release|Any CPU.Build.0 = Release|Any CPU
	EndGlobalSection
EndGlobal
